
Microsoft Visual Studio Solution File, Format Version 12.00
# Visual Studio Version 17
VisualStudioVersion = 17.11.34929.205
MinimumVisualStudioVersion = 10.0.40219.1
Project("{FAE04EC0-301F-11D3-BF4B-00C04F79EFBC}") = "Chuck Norris Joke Generator", "Chuck Norris Joke Generator.csproj", "{CDAB9974-4AD3-4E11-9829-CA4522DFAD39}"
EndProject
Global
	GlobalSection(SolutionConfigurationPlatforms) = preSolution
		Debug|Any CPU = Debug|Any CPU
		Release|Any CPU = Release|Any CPU
	EndGlobalSection
	GlobalSection(ProjectConfigurationPlatforms) = postSolution
		{CDAB9974-4AD3-4E11-9829-CA4522DFAD39}.Debug|Any CPU.ActiveCfg = Debug|Any CPU
		{CDAB9974-4AD3-4E11-9829-CA4522DFAD39}.Debug|Any CPU.Build.0 = Debug|Any CPU
		{CDAB9974-4AD3-4E11-9829-CA4522DFAD39}.Release|Any CPU.ActiveCfg = Release|Any CPU
		{CDAB9974-4AD3-4E11-9829-CA4522DFAD39}.Release|Any CPU.Build.0 = Release|Any CPU
	EndGlobalSection
	GlobalSection(SolutionProperties) = preSolution
		HideSolutionNode = FALSE
	EndGlobalSection
	GlobalSection(ExtensibilityGlobals) = postSolution
		SolutionGuid = {488C4E99-D448-4980-BDFB-4C6C22ABBE61}
	EndGlobalSection
EndGlobal
